
Microsoft Visual Studio Solution File, Format Version 12.00
# Visual Studio 15
VisualStudioVersion = 15.0.28307.705
MinimumVisualStudioVersion = 10.0.40219.1
Project("{FAE04EC0-301F-11D3-BF4B-00C04F79EFBC}") = "Api", "Api\Api.csproj", "{BF98F178-8D8D-46BE-91ED-92DC0EC1ECC5}"
EndProject
Project("{FAE04EC0-301F-11D3-BF4B-00C04F79EFBC}") = "Tests", "Tests\Tests.csproj", "{7F51140C-58BF-466B-80C0-6ADCF9F0FDA1}"
EndProject
Global
	GlobalSection(SolutionConfigurationPlatforms) = preSolution
		Debug|Any CPU = Debug|Any CPU
		Release|Any CPU = Release|Any CPU
	EndGlobalSection
	GlobalSection(ProjectConfigurationPlatforms) = postSolution
		{BF98F178-8D8D-46BE-91ED-92DC0EC1ECC5}.Debug|Any CPU.ActiveCfg = Debug|Any CPU
		{BF98F178-8D8D-46BE-91ED-92DC0EC1ECC5}.Debug|Any CPU.Build.0 = Debug|Any CPU
		{BF98F178-8D8D-46BE-91ED-92DC0EC1ECC5}.Release|Any CPU.ActiveCfg = Release|Any CPU
		{BF98F178-8D8D-46BE-91ED-92DC0EC1ECC5}.Release|Any CPU.Build.0 = Release|Any CPU
		{7F51140C-58BF-466B-80C0-6ADCF9F0FDA1}.Debug|Any CPU.ActiveCfg = Debug|Any CPU
		{7F51140C-58BF-466B-80C0-6ADCF9F0FDA1}.Debug|Any CPU.Build.0 = Debug|Any CPU
		{7F51140C-58BF-466B-80C0-6ADCF9F0FDA1}.Release|Any CPU.ActiveCfg = Release|Any CPU
		{7F51140C-58BF-466B-80C0-6ADCF9F0FDA1}.Release|Any CPU.Build.0 = Release|Any CPU
	EndGlobalSection
	GlobalSection(SolutionProperties) = preSolution
		HideSolutionNode = FALSE
	EndGlobalSection
	GlobalSection(ExtensibilityGlobals) = postSolution
		SolutionGuid = {2375AA36-C3D4-4199-9A5C-4CAAEDC2DE6F}
	EndGlobalSection
EndGlobal
